{
  "name": "signalk-raymarine-autopilot",
  "version": "1.1.1",
  "lockfileVersion": 1,
  "requires": true,
  "dependencies": {
    "baconjs": {
      "version": "3.0.7",
      "resolved": "https://registry.npmjs.org/baconjs/-/baconjs-3.0.7.tgz",
      "integrity": "sha512-w5MedFCFBtRjxDlSzSSmyQxJ20zT7IfbniA9tlvwZ/beQk+py4SpuSr0N5PggO1mmqsykoqaOzlS34TK7EnvBQ=="
    },
    "lodash": {
      "version": "4.17.5",
      "resolved": "https://registry.npmjs.org/lodash/-/lodash-4.17.5.tgz",
      "integrity": "sha512-svL3uiZf1RwhH+cWrfZn3A4+U58wbP0tGVTLQPbjplZxZ8ROD9VLuNgsRniTlLe7OlSqR79RUehXgpBW/s0IQw=="
    }
  }
}
