{
  "name": "signalk-raymarine-autopilot",
  "version": "1.1.1",
  "lockfileVersion": 1,
  "requires": true,
  "dependencies": {
    "baconjs": {
      "version": "3.0.8",
      "resolved": "https://registry.npmjs.org/baconjs/-/baconjs-3.0.8.tgz",
      "integrity": "sha512-VIvK0q2j/7ecBJYP7xB67P7hrweSnQDk9yAnvGdc+eLjTnpEyA7/55i570gQrjIIKXqmY/bZQWMSErlGgB2i1g=="
    },
    "lodash": {
      "version": "4.17.5",
      "resolved": "https://registry.npmjs.org/lodash/-/lodash-4.17.5.tgz",
      "integrity": "sha512-svL3uiZf1RwhH+cWrfZn3A4+U58wbP0tGVTLQPbjplZxZ8ROD9VLuNgsRniTlLe7OlSqR79RUehXgpBW/s0IQw=="
    }
  }
}
