{
  "name": "signalk-raymarine-autopilot",
  "version": "1.1.1",
  "lockfileVersion": 1,
  "requires": true,
  "dependencies": {
    "baconjs": {
      "version": "3.0.4",
      "resolved": "https://registry.npmjs.org/baconjs/-/baconjs-3.0.4.tgz",
      "integrity": "sha512-E2i6sFTzbIZ3Q/Cg9b5qe8+WrB/TY+utjvnH4Ppqc9xw1HdvlB44wYq0KZ/iJSlk1mQoufe/l0dqDhIlNRowtA=="
    },
    "lodash": {
      "version": "4.17.5",
      "resolved": "https://registry.npmjs.org/lodash/-/lodash-4.17.5.tgz",
      "integrity": "sha512-svL3uiZf1RwhH+cWrfZn3A4+U58wbP0tGVTLQPbjplZxZ8ROD9VLuNgsRniTlLe7OlSqR79RUehXgpBW/s0IQw=="
    }
  }
}
